
Microsoft Visual Studio Solution File, Format Version 12.00
# Visual Studio 15
VisualStudioVersion = 15.0.28307.645
MinimumVisualStudioVersion = 10.0.40219.1
Project("{FAE04EC0-301F-11D3-BF4B-00C04F79EFBC}") = "AutoConsole", "AutoConsole\AutoConsole.csproj", "{48675805-C9B1-4DE3-89ED-00693566EA00}"
EndProject
Global
	GlobalSection(SolutionConfigurationPlatforms) = preSolution
		Debug|Any CPU = Debug|Any CPU
		Release|Any CPU = Release|Any CPU
	EndGlobalSection
	GlobalSection(ProjectConfigurationPlatforms) = postSolution
		{48675805-C9B1-4DE3-89ED-00693566EA00}.Debug|Any CPU.ActiveCfg = Debug|Any CPU
		{48675805-C9B1-4DE3-89ED-00693566EA00}.Debug|Any CPU.Build.0 = Debug|Any CPU
		{48675805-C9B1-4DE3-89ED-00693566EA00}.Release|Any CPU.ActiveCfg = Release|Any CPU
		{48675805-C9B1-4DE3-89ED-00693566EA00}.Release|Any CPU.Build.0 = Release|Any CPU
	EndGlobalSection
	GlobalSection(SolutionProperties) = preSolution
		HideSolutionNode = FALSE
	EndGlobalSection
	GlobalSection(ExtensibilityGlobals) = postSolution
		SolutionGuid = {55A984BE-B58A-4FC4-A1AE-A2E27D0F8173}
	EndGlobalSection
EndGlobal
