
Microsoft Visual Studio Solution File, Format Version 12.00
# Visual Studio 15
VisualStudioVersion = 15.0.28307.705
MinimumVisualStudioVersion = 10.0.40219.1
Project("{FAE04EC0-301F-11D3-BF4B-00C04F79EFBC}") = "CuttingRoomFloor", "CuttingRoomFloor\CuttingRoomFloor.csproj", "{844B686B-5C5B-4C43-903A-A81196DE26BA}"
EndProject
Global
	GlobalSection(SolutionConfigurationPlatforms) = preSolution
		Debug|Any CPU = Debug|Any CPU
		Release|Any CPU = Release|Any CPU
	EndGlobalSection
	GlobalSection(ProjectConfigurationPlatforms) = postSolution
		{844B686B-5C5B-4C43-903A-A81196DE26BA}.Debug|Any CPU.ActiveCfg = Debug|Any CPU
		{844B686B-5C5B-4C43-903A-A81196DE26BA}.Debug|Any CPU.Build.0 = Debug|Any CPU
		{844B686B-5C5B-4C43-903A-A81196DE26BA}.Release|Any CPU.ActiveCfg = Release|Any CPU
		{844B686B-5C5B-4C43-903A-A81196DE26BA}.Release|Any CPU.Build.0 = Release|Any CPU
	EndGlobalSection
	GlobalSection(SolutionProperties) = preSolution
		HideSolutionNode = FALSE
	EndGlobalSection
	GlobalSection(ExtensibilityGlobals) = postSolution
		SolutionGuid = {4F0F6DED-E418-457E-8D6F-064C38D856FB}
	EndGlobalSection
EndGlobal
