
Microsoft Visual Studio Solution File, Format Version 12.00
# Visual Studio 15
VisualStudioVersion = 15.0.28307.705
MinimumVisualStudioVersion = 10.0.40219.1
Project("{FAE04EC0-301F-11D3-BF4B-00C04F79EFBC}") = "SkipToFoyer", "SkipToFoyer\SkipToFoyer.csproj", "{309417C7-889A-4028-8EA5-C2BF7BC95557}"
EndProject
Global
	GlobalSection(SolutionConfigurationPlatforms) = preSolution
		Debug|Any CPU = Debug|Any CPU
		Release|Any CPU = Release|Any CPU
	EndGlobalSection
	GlobalSection(ProjectConfigurationPlatforms) = postSolution
		{309417C7-889A-4028-8EA5-C2BF7BC95557}.Debug|Any CPU.ActiveCfg = Debug|Any CPU
		{309417C7-889A-4028-8EA5-C2BF7BC95557}.Debug|Any CPU.Build.0 = Debug|Any CPU
		{309417C7-889A-4028-8EA5-C2BF7BC95557}.Release|Any CPU.ActiveCfg = Release|Any CPU
		{309417C7-889A-4028-8EA5-C2BF7BC95557}.Release|Any CPU.Build.0 = Release|Any CPU
	EndGlobalSection
	GlobalSection(SolutionProperties) = preSolution
		HideSolutionNode = FALSE
	EndGlobalSection
	GlobalSection(ExtensibilityGlobals) = postSolution
		SolutionGuid = {688560BB-6321-451B-A47E-9A542990167A}
	EndGlobalSection
EndGlobal
