
Microsoft Visual Studio Solution File, Format Version 12.00
# Visual Studio 15
VisualStudioVersion = 15.0.28307.572
MinimumVisualStudioVersion = 10.0.40219.1
Project("{FAE04EC0-301F-11D3-BF4B-00C04F79EFBC}") = "AutoReload", "AutoReload\AutoReload.csproj", "{ECC9ED87-D0DF-4656-9A26-ADFF5D6525C1}"
EndProject
Global
	GlobalSection(SolutionConfigurationPlatforms) = preSolution
		Debug|Any CPU = Debug|Any CPU
		Release|Any CPU = Release|Any CPU
	EndGlobalSection
	GlobalSection(ProjectConfigurationPlatforms) = postSolution
		{ECC9ED87-D0DF-4656-9A26-ADFF5D6525C1}.Debug|Any CPU.ActiveCfg = Debug|Any CPU
		{ECC9ED87-D0DF-4656-9A26-ADFF5D6525C1}.Debug|Any CPU.Build.0 = Debug|Any CPU
		{ECC9ED87-D0DF-4656-9A26-ADFF5D6525C1}.Release|Any CPU.ActiveCfg = Release|Any CPU
		{ECC9ED87-D0DF-4656-9A26-ADFF5D6525C1}.Release|Any CPU.Build.0 = Release|Any CPU
	EndGlobalSection
	GlobalSection(SolutionProperties) = preSolution
		HideSolutionNode = FALSE
	EndGlobalSection
	GlobalSection(ExtensibilityGlobals) = postSolution
		SolutionGuid = {BF092C8C-CA84-4633-A90D-830EA32332EC}
	EndGlobalSection
EndGlobal
